
Microsoft Visual Studio Solution File, Format Version 12.00
# Visual Studio Version 17
VisualStudioVersion = 17.13.35828.75 d17.13
MinimumVisualStudioVersion = 10.0.40219.1
Project("{FAE04EC0-301F-11D3-BF4B-00C04F79EFBC}") = "MauiAppTempoAgora", "MauiAppTempoAgora\MauiAppTempoAgora.csproj", "{A8F7A4FD-25B5-4DA3-A57F-B830EEBC79CB}"
EndProject
Global
	GlobalSection(SolutionConfigurationPlatforms) = preSolution
		Debug|Any CPU = Debug|Any CPU
		Release|Any CPU = Release|Any CPU
	EndGlobalSection
	GlobalSection(ProjectConfigurationPlatforms) = postSolution
		{A8F7A4FD-25B5-4DA3-A57F-B830EEBC79CB}.Debug|Any CPU.ActiveCfg = Debug|Any CPU
		{A8F7A4FD-25B5-4DA3-A57F-B830EEBC79CB}.Debug|Any CPU.Build.0 = Debug|Any CPU
		{A8F7A4FD-25B5-4DA3-A57F-B830EEBC79CB}.Release|Any CPU.ActiveCfg = Release|Any CPU
		{A8F7A4FD-25B5-4DA3-A57F-B830EEBC79CB}.Release|Any CPU.Build.0 = Release|Any CPU
	EndGlobalSection
	GlobalSection(SolutionProperties) = preSolution
		HideSolutionNode = FALSE
	EndGlobalSection
	GlobalSection(ExtensibilityGlobals) = postSolution
		SolutionGuid = {2B691912-FA7C-4C49-A889-D92C1E3F2853}
	EndGlobalSection
EndGlobal
